
Microsoft Visual Studio Solution File, Format Version 12.00
# Visual Studio Version 17
VisualStudioVersion = 17.10.35004.147
MinimumVisualStudioVersion = 10.0.40219.1
Project("{FAE04EC0-301F-11D3-BF4B-00C04F79EFBC}") = "TEMA_12_07_24", "TEMA_12_07_24\TEMA_12_07_24.csproj", "{8479DB92-D194-4752-BBE4-08E8003CE15A}"
EndProject
Global
	GlobalSection(SolutionConfigurationPlatforms) = preSolution
		Debug|Any CPU = Debug|Any CPU
		Release|Any CPU = Release|Any CPU
	EndGlobalSection
	GlobalSection(ProjectConfigurationPlatforms) = postSolution
		{8479DB92-D194-4752-BBE4-08E8003CE15A}.Debug|Any CPU.ActiveCfg = Debug|Any CPU
		{8479DB92-D194-4752-BBE4-08E8003CE15A}.Debug|Any CPU.Build.0 = Debug|Any CPU
		{8479DB92-D194-4752-BBE4-08E8003CE15A}.Release|Any CPU.ActiveCfg = Release|Any CPU
		{8479DB92-D194-4752-BBE4-08E8003CE15A}.Release|Any CPU.Build.0 = Release|Any CPU
	EndGlobalSection
	GlobalSection(SolutionProperties) = preSolution
		HideSolutionNode = FALSE
	EndGlobalSection
	GlobalSection(ExtensibilityGlobals) = postSolution
		SolutionGuid = {7777EC6B-A464-4F9C-9EDB-4105AA1F8A61}
	EndGlobalSection
EndGlobal
